
Microsoft Visual Studio Solution File, Format Version 12.00
# Visual Studio Version 17
VisualStudioVersion = 17.7.34024.191
MinimumVisualStudioVersion = 10.0.40219.1
Project("{FAE04EC0-301F-11D3-BF4B-00C04F79EFBC}") = "operators_solution", "operators_solution\operators_solution.csproj", "{44EE8C35-87EA-406F-A821-FF15E943FF30}"
EndProject
Global
	GlobalSection(SolutionConfigurationPlatforms) = preSolution
		Debug|Any CPU = Debug|Any CPU
		Release|Any CPU = Release|Any CPU
	EndGlobalSection
	GlobalSection(ProjectConfigurationPlatforms) = postSolution
		{44EE8C35-87EA-406F-A821-FF15E943FF30}.Debug|Any CPU.ActiveCfg = Debug|Any CPU
		{44EE8C35-87EA-406F-A821-FF15E943FF30}.Debug|Any CPU.Build.0 = Debug|Any CPU
		{44EE8C35-87EA-406F-A821-FF15E943FF30}.Release|Any CPU.ActiveCfg = Release|Any CPU
		{44EE8C35-87EA-406F-A821-FF15E943FF30}.Release|Any CPU.Build.0 = Release|Any CPU
	EndGlobalSection
	GlobalSection(SolutionProperties) = preSolution
		HideSolutionNode = FALSE
	EndGlobalSection
	GlobalSection(ExtensibilityGlobals) = postSolution
		SolutionGuid = {BC0F1A34-2F7A-4F3A-875D-58649E6202A4}
	EndGlobalSection
EndGlobal
